
Microsoft Visual Studio Solution File, Format Version 12.00
Project("{FAE04EC0-301F-11D3-BF4B-00C04F79EFBC}") = "DistancePrinterControl.API", "DistancePrinterControl.API\DistancePrinterControl.API.csproj", "{0FECCF49-5090-4AD4-A61E-9350A5652F47}"
EndProject
Project("{FAE04EC0-301F-11D3-BF4B-00C04F79EFBC}") = "DistancePrinterControl.Database", "DistancePrinterControl.Database\DistancePrinterControl.Database.csproj", "{2E234550-CB36-4DAD-8EC9-F792A44C8BA5}"
EndProject
Project("{FAE04EC0-301F-11D3-BF4B-00C04F79EFBC}") = "DistancePrinterControl.Logic", "DistancePrinterControl.Logic\DistancePrinterControl.Logic.csproj", "{B2E4AA2E-3B8F-45D6-A1AC-517ABE0B2ED2}"
EndProject
Project("{FAE04EC0-301F-11D3-BF4B-00C04F79EFBC}") = "DistancePrinterControl.TelegramBot", "DistancePrinterControl.TelegramBot\DistancePrinterControl.TelegramBot.csproj", "{4D024C0B-47F5-4485-8A12-C54F577B0D69}"
EndProject
Global
	GlobalSection(SolutionConfigurationPlatforms) = preSolution
		Debug|Any CPU = Debug|Any CPU
		Release|Any CPU = Release|Any CPU
	EndGlobalSection
	GlobalSection(ProjectConfigurationPlatforms) = postSolution
		{0FECCF49-5090-4AD4-A61E-9350A5652F47}.Debug|Any CPU.ActiveCfg = Debug|Any CPU
		{0FECCF49-5090-4AD4-A61E-9350A5652F47}.Debug|Any CPU.Build.0 = Debug|Any CPU
		{0FECCF49-5090-4AD4-A61E-9350A5652F47}.Release|Any CPU.ActiveCfg = Release|Any CPU
		{0FECCF49-5090-4AD4-A61E-9350A5652F47}.Release|Any CPU.Build.0 = Release|Any CPU
		{2E234550-CB36-4DAD-8EC9-F792A44C8BA5}.Debug|Any CPU.ActiveCfg = Debug|Any CPU
		{2E234550-CB36-4DAD-8EC9-F792A44C8BA5}.Debug|Any CPU.Build.0 = Debug|Any CPU
		{2E234550-CB36-4DAD-8EC9-F792A44C8BA5}.Release|Any CPU.ActiveCfg = Release|Any CPU
		{2E234550-CB36-4DAD-8EC9-F792A44C8BA5}.Release|Any CPU.Build.0 = Release|Any CPU
		{B2E4AA2E-3B8F-45D6-A1AC-517ABE0B2ED2}.Debug|Any CPU.ActiveCfg = Debug|Any CPU
		{B2E4AA2E-3B8F-45D6-A1AC-517ABE0B2ED2}.Debug|Any CPU.Build.0 = Debug|Any CPU
		{B2E4AA2E-3B8F-45D6-A1AC-517ABE0B2ED2}.Release|Any CPU.ActiveCfg = Release|Any CPU
		{B2E4AA2E-3B8F-45D6-A1AC-517ABE0B2ED2}.Release|Any CPU.Build.0 = Release|Any CPU
		{4D024C0B-47F5-4485-8A12-C54F577B0D69}.Debug|Any CPU.ActiveCfg = Debug|Any CPU
		{4D024C0B-47F5-4485-8A12-C54F577B0D69}.Debug|Any CPU.Build.0 = Debug|Any CPU
		{4D024C0B-47F5-4485-8A12-C54F577B0D69}.Release|Any CPU.ActiveCfg = Release|Any CPU
		{4D024C0B-47F5-4485-8A12-C54F577B0D69}.Release|Any CPU.Build.0 = Release|Any CPU
	EndGlobalSection
EndGlobal
